hash: a12b797e3ee12d1d183ff46f123dc141a175d5004a0de8ddf9e3219798ee9884
updated: 2018-06-14T15:07:35.167261+08:00
imports:
- name: github.com/andybalholm/cascadia
  version: 349dd0209470eabd9514242c688c403c0926d266
- name: github.com/chromedp/cdproto
  version: 9d537e96accb7e27905dd0df09f153bfef14c4c6
  subpackages:
  - accessibility
  - animation
  - applicationcache
  - audits
  - browser
  - cachestorage
  - cdp
  - css
  - database
  - debugger
  - deviceorientation
  - dom
  - domdebugger
  - domsnapshot
  - domstorage
  - emulation
  - headlessexperimental
  - heapprofiler
  - indexeddb
  - input
  - inspector
  - io
  - layertree
  - log
  - memory
  - network
  - overlay
  - page
  - performance
  - profiler
  - runtime
  - security
  - serviceworker
  - storage
  - systeminfo
  - target
  - tethering
  - tracing
- name: github.com/chromedp/chromedp
  version: 68c34da207ddddcc114a607e0a1555dbcf337a01
  subpackages:
  - client
  - kb
  - runner
- name: github.com/disintegration/imaging
  version: 5e63c9a565d0a3260d23d060a795783dab90fefe
- name: github.com/go-sql-driver/mysql
  version: a0583e0143b1624142adab07e0e97fe106d99561
- name: github.com/gorilla/websocket
  version: ea4d1f681babbce9545c9c5f3d5194a789c89f5b
- name: github.com/jinzhu/gorm
  version: 6ed508ec6a4ecb3531899a69cbc746ccf65a4166
  subpackages:
  - dialects/mysql
- name: github.com/jinzhu/inflection
  version: 1c35d901db3da928c72a72d8458480cc9ade058f
- name: github.com/knq/sysutil
  version: 0218e141a794643e8c0fa283b9cd076fc0df662d
- name: github.com/mailru/easyjson
  version: 3fdea8d05856a0c8df22ed4bc71b3219245e4485
  subpackages:
  - buffer
  - jlexer
  - jwriter
- name: github.com/PuerkitoBio/goquery
  version: ce645ea5e67a713599b7415f21f0786451fa9554
- name: golang.org/x/image
  version: af66defab954cb421ca110193eed9477c8541e2a
  subpackages:
  - bmp
  - tiff
  - tiff/lzw
- name: golang.org/x/net
  version: 66aacef3dd8a676686c7ae3716979581e8b03c47
  subpackages:
  - html
  - html/atom
  - html/charset
- name: golang.org/x/text
  version: de984aaade05b6b868d6ad3a063e045ed3609f20
  subpackages:
  - encoding
  - encoding/charmap
  - encoding/htmlindex
  - encoding/internal
  - encoding/internal/identifier
  - encoding/japanese
  - encoding/korean
  - encoding/simplifiedchinese
  - encoding/traditionalchinese
  - encoding/unicode
  - internal/tag
  - internal/utf8internal
  - language
  - runes
  - transform
testImports: []
